
Microsoft Visual Studio Solution File, Format Version 12.00
# Visual Studio Version 17
VisualStudioVersion = 17.3.32929.385
MinimumVisualStudioVersion = 10.0.40219.1
Project("{9A19103F-16F7-4668-BE54-9A1E7A4F7556}") = "requestOnWebApi", "requestOnWebApi\requestOnWebApi.csproj", "{C9A3731B-42E2-4BC2-906D-0D90B5141B14}"
EndProject
Project("{9A19103F-16F7-4668-BE54-9A1E7A4F7556}") = "Tic-Tac-Toe", "Tic-Tac-Toe\Tic-Tac-Toe.csproj", "{C4F3B904-0155-4C35-B1CF-8C9C1F0990E3}"
EndProject
Project("{FAE04EC0-301F-11D3-BF4B-00C04F79EFBC}") = "Desctop-tic-tac-toe", "Desctop-tic-tac-toe\Desctop-tic-tac-toe.csproj", "{87CD61BA-96A5-4CFF-8E44-BF7F155414C2}"
EndProject
Global
	GlobalSection(SolutionConfigurationPlatforms) = preSolution
		Debug|Any CPU = Debug|Any CPU
		Release|Any CPU = Release|Any CPU
	EndGlobalSection
	GlobalSection(ProjectConfigurationPlatforms) = postSolution
		{C9A3731B-42E2-4BC2-906D-0D90B5141B14}.Debug|Any CPU.ActiveCfg = Debug|Any CPU
		{C9A3731B-42E2-4BC2-906D-0D90B5141B14}.Debug|Any CPU.Build.0 = Debug|Any CPU
		{C9A3731B-42E2-4BC2-906D-0D90B5141B14}.Release|Any CPU.ActiveCfg = Release|Any CPU
		{C9A3731B-42E2-4BC2-906D-0D90B5141B14}.Release|Any CPU.Build.0 = Release|Any CPU
		{C4F3B904-0155-4C35-B1CF-8C9C1F0990E3}.Debug|Any CPU.ActiveCfg = Debug|Any CPU
		{C4F3B904-0155-4C35-B1CF-8C9C1F0990E3}.Debug|Any CPU.Build.0 = Debug|Any CPU
		{C4F3B904-0155-4C35-B1CF-8C9C1F0990E3}.Release|Any CPU.ActiveCfg = Release|Any CPU
		{C4F3B904-0155-4C35-B1CF-8C9C1F0990E3}.Release|Any CPU.Build.0 = Release|Any CPU
		{87CD61BA-96A5-4CFF-8E44-BF7F155414C2}.Debug|Any CPU.ActiveCfg = Debug|Any CPU
		{87CD61BA-96A5-4CFF-8E44-BF7F155414C2}.Debug|Any CPU.Build.0 = Debug|Any CPU
		{87CD61BA-96A5-4CFF-8E44-BF7F155414C2}.Release|Any CPU.ActiveCfg = Release|Any CPU
		{87CD61BA-96A5-4CFF-8E44-BF7F155414C2}.Release|Any CPU.Build.0 = Release|Any CPU
	EndGlobalSection
	GlobalSection(SolutionProperties) = preSolution
		HideSolutionNode = FALSE
	EndGlobalSection
	GlobalSection(ExtensibilityGlobals) = postSolution
		SolutionGuid = {A8F4AEEC-73F1-41C2-8321-C2CB6452D436}
	EndGlobalSection
EndGlobal
